schema: '2.0'
stages:
  HelloWorld:
    cmd: zntrack run src.hello_world.HelloWorld --name HelloWorld
    params:
      params.yaml:
        HelloWorld:
          max_number: 512
    outs:
    - path: nodes/HelloWorld/random_number.json
      hash: md5
      md5: 3def184ad8f4755ff269862ea77393dd
      size: 3
    - path: nodes/HelloWorld/uuid
      hash: md5
      md5: 7779ac978e21afae8c75cc02fbeb4fc8
      size: 36
