schema: '2.0'
stages:
  HelloWorld:
    cmd: zntrack run src.hello_world.HelloWorld --name HelloWorld
    params:
      params.yaml:
        HelloWorld:
          max_number: 256
    outs:
    - path: nodes/HelloWorld/node-meta.json
      hash: md5
      md5: 0f9b4c61fa678438c51682c44f0a0803
      size: 48
    - path: nodes/HelloWorld/random_number.json
      hash: md5
      md5: 069059b7ef840f0c74a814ec9237b6ec
      size: 3
