schema: '2.0'
stages:
  HelloWorld:
    cmd: zntrack run src.hello_world.HelloWorld --name HelloWorld
    params:
      params.yaml:
        HelloWorld:
          max_number: 512
    outs:
    - path: nodes/HelloWorld/node-meta.json
      hash: md5
      md5: 807dbe52f63a1baf7ccca883c18656ee
      size: 48
    - path: nodes/HelloWorld/random_number.json
      hash: md5
      md5: 202cb962ac59075b964b07152d234b70
      size: 3
